
Microsoft Visual Studio Solution File, Format Version 12.00
# Visual Studio 15
VisualStudioVersion = 15.0.27004.2005
MinimumVisualStudioVersion = 10.0.40219.1
Project("{FAE04EC0-301F-11D3-BF4B-00C04F79EFBC}") = "YourMoney.Droid", "YourMoney.Droid\YourMoney.Droid.csproj", "{DD5E9270-0157-4C05-A902-12B1246716F4}"
EndProject
Project("{FAE04EC0-301F-11D3-BF4B-00C04F79EFBC}") = "YourMoney.iOS", "YourMoney.iOS\YourMoney.iOS.csproj", "{354501E5-0B04-40F6-8623-5474841857F5}"
EndProject
Project("{FAE04EC0-301F-11D3-BF4B-00C04F79EFBC}") = "YourMoney.Standard.Core", "YourMoney.Standard.Core\YourMoney.Standard.Core.csproj", "{34361C28-952D-4E96-B63E-26C2F93D185A}"
EndProject
Project("{9344BDBB-3E7F-41FC-A0DD-8665D75EE146}") = "YourMoney.UWP", "YourMoney.UWP\YourMoney.UWP.csproj", "{19AE6140-7D79-4F9A-B2AD-3BE5B9E14F59}"
EndProject
Project("{FAE04EC0-301F-11D3-BF4B-00C04F79EFBC}") = "YourMoney.Core.Tests", "YourMoney.Core.Tests\YourMoney.Core.Tests.csproj", "{D032ECE1-E88C-475E-B6DE-448B062B4F02}"
EndProject
Global
	GlobalSection(SolutionConfigurationPlatforms) = preSolution
		Debug|Any CPU = Debug|Any CPU
		Debug|ARM = Debug|ARM
		Debug|iPhone = Debug|iPhone
		Debug|iPhoneSimulator = Debug|iPhoneSimulator
		Debug|x64 = Debug|x64
		Debug|x86 = Debug|x86
		Release|Any CPU = Release|Any CPU
		Release|ARM = Release|ARM
		Release|iPhone = Release|iPhone
		Release|iPhoneSimulator = Release|iPhoneSimulator
		Release|x64 = Release|x64
		Release|x86 = Release|x86
	EndGlobalSection
	GlobalSection(ProjectConfigurationPlatforms) = postSolution
		{DD5E9270-0157-4C05-A902-12B1246716F4}.Debug|Any CPU.ActiveCfg = Debug|Any CPU
		{DD5E9270-0157-4C05-A902-12B1246716F4}.Debug|Any CPU.Build.0 = Debug|Any CPU
		{DD5E9270-0157-4C05-A902-12B1246716F4}.Debug|Any CPU.Deploy.0 = Debug|Any CPU
		{DD5E9270-0157-4C05-A902-12B1246716F4}.Debug|ARM.ActiveCfg = Debug|Any CPU
		{DD5E9270-0157-4C05-A902-12B1246716F4}.Debug|ARM.Build.0 = Debug|Any CPU
		{DD5E9270-0157-4C05-A902-12B1246716F4}.Debug|ARM.Deploy.0 = Debug|Any CPU
		{DD5E9270-0157-4C05-A902-12B1246716F4}.Debug|iPhone.ActiveCfg = Debug|Any CPU
		{DD5E9270-0157-4C05-A902-12B1246716F4}.Debug|iPhone.Build.0 = Debug|Any CPU
		{DD5E9270-0157-4C05-A902-12B1246716F4}.Debug|iPhoneSimulator.ActiveCfg = Debug|Any CPU
		{DD5E9270-0157-4C05-A902-12B1246716F4}.Debug|iPhoneSimulator.Build.0 = Debug|Any CPU
		{DD5E9270-0157-4C05-A902-12B1246716F4}.Debug|x64.ActiveCfg = Debug|Any CPU
		{DD5E9270-0157-4C05-A902-12B1246716F4}.Debug|x64.Build.0 = Debug|Any CPU
		{DD5E9270-0157-4C05-A902-12B1246716F4}.Debug|x64.Deploy.0 = Debug|Any CPU
		{DD5E9270-0157-4C05-A902-12B1246716F4}.Debug|x86.ActiveCfg = Debug|Any CPU
		{DD5E9270-0157-4C05-A902-12B1246716F4}.Debug|x86.Build.0 = Debug|Any CPU
		{DD5E9270-0157-4C05-A902-12B1246716F4}.Debug|x86.Deploy.0 = Debug|Any CPU
		{DD5E9270-0157-4C05-A902-12B1246716F4}.Release|Any CPU.ActiveCfg = Release|Any CPU
		{DD5E9270-0157-4C05-A902-12B1246716F4}.Release|Any CPU.Build.0 = Release|Any CPU
		{DD5E9270-0157-4C05-A902-12B1246716F4}.Release|Any CPU.Deploy.0 = Release|Any CPU
		{DD5E9270-0157-4C05-A902-12B1246716F4}.Release|ARM.ActiveCfg = Release|Any CPU
		{DD5E9270-0157-4C05-A902-12B1246716F4}.Release|ARM.Build.0 = Release|Any CPU
		{DD5E9270-0157-4C05-A902-12B1246716F4}.Release|ARM.Deploy.0 = Release|Any CPU
		{DD5E9270-0157-4C05-A902-12B1246716F4}.Release|iPhone.ActiveCfg = Release|Any CPU
		{DD5E9270-0157-4C05-A902-12B1246716F4}.Release|iPhone.Build.0 = Release|Any CPU
		{DD5E9270-0157-4C05-A902-12B1246716F4}.Release|iPhoneSimulator.ActiveCfg = Release|Any CPU
		{DD5E9270-0157-4C05-A902-12B1246716F4}.Release|iPhoneSimulator.Build.0 = Release|Any CPU
		{DD5E9270-0157-4C05-A902-12B1246716F4}.Release|x64.ActiveCfg = Release|Any CPU
		{DD5E9270-0157-4C05-A902-12B1246716F4}.Release|x64.Build.0 = Release|Any CPU
		{DD5E9270-0157-4C05-A902-12B1246716F4}.Release|x64.Deploy.0 = Release|Any CPU
		{DD5E9270-0157-4C05-A902-12B1246716F4}.Release|x86.ActiveCfg = Release|Any CPU
		{DD5E9270-0157-4C05-A902-12B1246716F4}.Release|x86.Build.0 = Release|Any CPU
		{DD5E9270-0157-4C05-A902-12B1246716F4}.Release|x86.Deploy.0 = Release|Any CPU
		{354501E5-0B04-40F6-8623-5474841857F5}.Debug|Any CPU.ActiveCfg = Debug|iPhoneSimulator
		{354501E5-0B04-40F6-8623-5474841857F5}.Debug|Any CPU.Build.0 = Debug|iPhoneSimulator
		{354501E5-0B04-40F6-8623-5474841857F5}.Debug|ARM.ActiveCfg = Debug|iPhoneSimulator
		{354501E5-0B04-40F6-8623-5474841857F5}.Debug|ARM.Build.0 = Debug|iPhoneSimulator
		{354501E5-0B04-40F6-8623-5474841857F5}.Debug|iPhone.ActiveCfg = Debug|iPhone
		{354501E5-0B04-40F6-8623-5474841857F5}.Debug|iPhone.Build.0 = Debug|iPhone
		{354501E5-0B04-40F6-8623-5474841857F5}.Debug|iPhoneSimulator.ActiveCfg = Debug|iPhoneSimulator
		{354501E5-0B04-40F6-8623-5474841857F5}.Debug|iPhoneSimulator.Build.0 = Debug|iPhoneSimulator
		{354501E5-0B04-40F6-8623-5474841857F5}.Debug|x64.ActiveCfg = Debug|iPhoneSimulator
		{354501E5-0B04-40F6-8623-5474841857F5}.Debug|x64.Build.0 = Debug|iPhoneSimulator
		{354501E5-0B04-40F6-8623-5474841857F5}.Debug|x86.ActiveCfg = Debug|iPhoneSimulator
		{354501E5-0B04-40F6-8623-5474841857F5}.Debug|x86.Build.0 = Debug|iPhoneSimulator
		{354501E5-0B04-40F6-8623-5474841857F5}.Release|Any CPU.ActiveCfg = Release|iPhone
		{354501E5-0B04-40F6-8623-5474841857F5}.Release|Any CPU.Build.0 = Release|iPhone
		{354501E5-0B04-40F6-8623-5474841857F5}.Release|ARM.ActiveCfg = Release|iPhone
		{354501E5-0B04-40F6-8623-5474841857F5}.Release|ARM.Build.0 = Release|iPhone
		{354501E5-0B04-40F6-8623-5474841857F5}.Release|iPhone.ActiveCfg = Release|iPhone
		{354501E5-0B04-40F6-8623-5474841857F5}.Release|iPhone.Build.0 = Release|iPhone
		{354501E5-0B04-40F6-8623-5474841857F5}.Release|iPhoneSimulator.ActiveCfg = Release|iPhoneSimulator
		{354501E5-0B04-40F6-8623-5474841857F5}.Release|iPhoneSimulator.Build.0 = Release|iPhoneSimulator
		{354501E5-0B04-40F6-8623-5474841857F5}.Release|x64.ActiveCfg = Release|iPhone
		{354501E5-0B04-40F6-8623-5474841857F5}.Release|x64.Build.0 = Release|iPhone
		{354501E5-0B04-40F6-8623-5474841857F5}.Release|x86.ActiveCfg = Release|iPhone
		{354501E5-0B04-40F6-8623-5474841857F5}.Release|x86.Build.0 = Release|iPhone
		{34361C28-952D-4E96-B63E-26C2F93D185A}.Debug|Any CPU.ActiveCfg = Debug|Any CPU
		{34361C28-952D-4E96-B63E-26C2F93D185A}.Debug|Any CPU.Build.0 = Debug|Any CPU
		{34361C28-952D-4E96-B63E-26C2F93D185A}.Debug|ARM.ActiveCfg = Debug|Any CPU
		{34361C28-952D-4E96-B63E-26C2F93D185A}.Debug|ARM.Build.0 = Debug|Any CPU
		{34361C28-952D-4E96-B63E-26C2F93D185A}.Debug|iPhone.ActiveCfg = Debug|Any CPU
		{34361C28-952D-4E96-B63E-26C2F93D185A}.Debug|iPhone.Build.0 = Debug|Any CPU
		{34361C28-952D-4E96-B63E-26C2F93D185A}.Debug|iPhoneSimulator.ActiveCfg = Debug|Any CPU
		{34361C28-952D-4E96-B63E-26C2F93D185A}.Debug|iPhoneSimulator.Build.0 = Debug|Any CPU
		{34361C28-952D-4E96-B63E-26C2F93D185A}.Debug|x64.ActiveCfg = Debug|Any CPU
		{34361C28-952D-4E96-B63E-26C2F93D185A}.Debug|x64.Build.0 = Debug|Any CPU
		{34361C28-952D-4E96-B63E-26C2F93D185A}.Debug|x86.ActiveCfg = Debug|Any CPU
		{34361C28-952D-4E96-B63E-26C2F93D185A}.Debug|x86.Build.0 = Debug|Any CPU
		{34361C28-952D-4E96-B63E-26C2F93D185A}.Release|Any CPU.ActiveCfg = Release|Any CPU
		{34361C28-952D-4E96-B63E-26C2F93D185A}.Release|Any CPU.Build.0 = Release|Any CPU
		{34361C28-952D-4E96-B63E-26C2F93D185A}.Release|ARM.ActiveCfg = Release|Any CPU
		{34361C28-952D-4E96-B63E-26C2F93D185A}.Release|ARM.Build.0 = Release|Any CPU
		{34361C28-952D-4E96-B63E-26C2F93D185A}.Release|iPhone.ActiveCfg = Release|Any CPU
		{34361C28-952D-4E96-B63E-26C2F93D185A}.Release|iPhone.Build.0 = Release|Any CPU
		{34361C28-952D-4E96-B63E-26C2F93D185A}.Release|iPhoneSimulator.ActiveCfg = Release|Any CPU
		{34361C28-952D-4E96-B63E-26C2F93D185A}.Release|iPhoneSimulator.Build.0 = Release|Any CPU
		{34361C28-952D-4E96-B63E-26C2F93D185A}.Release|x64.ActiveCfg = Release|Any CPU
		{34361C28-952D-4E96-B63E-26C2F93D185A}.Release|x64.Build.0 = Release|Any CPU
		{34361C28-952D-4E96-B63E-26C2F93D185A}.Release|x86.ActiveCfg = Release|Any CPU
		{34361C28-952D-4E96-B63E-26C2F93D185A}.Release|x86.Build.0 = Release|Any CPU
		{19AE6140-7D79-4F9A-B2AD-3BE5B9E14F59}.Debug|Any CPU.ActiveCfg = Debug|x86
		{19AE6140-7D79-4F9A-B2AD-3BE5B9E14F59}.Debug|Any CPU.Build.0 = Debug|x86
		{19AE6140-7D79-4F9A-B2AD-3BE5B9E14F59}.Debug|Any CPU.Deploy.0 = Debug|x86
		{19AE6140-7D79-4F9A-B2AD-3BE5B9E14F59}.Debug|ARM.ActiveCfg = Debug|ARM
		{19AE6140-7D79-4F9A-B2AD-3BE5B9E14F59}.Debug|ARM.Build.0 = Debug|ARM
		{19AE6140-7D79-4F9A-B2AD-3BE5B9E14F59}.Debug|ARM.Deploy.0 = Debug|ARM
		{19AE6140-7D79-4F9A-B2AD-3BE5B9E14F59}.Debug|iPhone.ActiveCfg = Debug|x86
		{19AE6140-7D79-4F9A-B2AD-3BE5B9E14F59}.Debug|iPhoneSimulator.ActiveCfg = Debug|x86
		{19AE6140-7D79-4F9A-B2AD-3BE5B9E14F59}.Debug|x64.ActiveCfg = Debug|x64
		{19AE6140-7D79-4F9A-B2AD-3BE5B9E14F59}.Debug|x64.Build.0 = Debug|x64
		{19AE6140-7D79-4F9A-B2AD-3BE5B9E14F59}.Debug|x64.Deploy.0 = Debug|x64
		{19AE6140-7D79-4F9A-B2AD-3BE5B9E14F59}.Debug|x86.ActiveCfg = Debug|x86
		{19AE6140-7D79-4F9A-B2AD-3BE5B9E14F59}.Debug|x86.Build.0 = Debug|x86
		{19AE6140-7D79-4F9A-B2AD-3BE5B9E14F59}.Debug|x86.Deploy.0 = Debug|x86
		{19AE6140-7D79-4F9A-B2AD-3BE5B9E14F59}.Release|Any CPU.ActiveCfg = Release|x86
		{19AE6140-7D79-4F9A-B2AD-3BE5B9E14F59}.Release|ARM.ActiveCfg = Release|ARM
		{19AE6140-7D79-4F9A-B2AD-3BE5B9E14F59}.Release|ARM.Build.0 = Release|ARM
		{19AE6140-7D79-4F9A-B2AD-3BE5B9E14F59}.Release|ARM.Deploy.0 = Release|ARM
		{19AE6140-7D79-4F9A-B2AD-3BE5B9E14F59}.Release|iPhone.ActiveCfg = Release|x86
		{19AE6140-7D79-4F9A-B2AD-3BE5B9E14F59}.Release|iPhoneSimulator.ActiveCfg = Release|x86
		{19AE6140-7D79-4F9A-B2AD-3BE5B9E14F59}.Release|x64.ActiveCfg = Release|x64
		{19AE6140-7D79-4F9A-B2AD-3BE5B9E14F59}.Release|x64.Build.0 = Release|x64
		{19AE6140-7D79-4F9A-B2AD-3BE5B9E14F59}.Release|x64.Deploy.0 = Release|x64
		{19AE6140-7D79-4F9A-B2AD-3BE5B9E14F59}.Release|x86.ActiveCfg = Release|x86
		{19AE6140-7D79-4F9A-B2AD-3BE5B9E14F59}.Release|x86.Build.0 = Release|x86
		{19AE6140-7D79-4F9A-B2AD-3BE5B9E14F59}.Release|x86.Deploy.0 = Release|x86
		{D032ECE1-E88C-475E-B6DE-448B062B4F02}.Debug|Any CPU.ActiveCfg = Debug|Any CPU
		{D032ECE1-E88C-475E-B6DE-448B062B4F02}.Debug|Any CPU.Build.0 = Debug|Any CPU
		{D032ECE1-E88C-475E-B6DE-448B062B4F02}.Debug|ARM.ActiveCfg = Debug|Any CPU
		{D032ECE1-E88C-475E-B6DE-448B062B4F02}.Debug|ARM.Build.0 = Debug|Any CPU
		{D032ECE1-E88C-475E-B6DE-448B062B4F02}.Debug|iPhone.ActiveCfg = Debug|Any CPU
		{D032ECE1-E88C-475E-B6DE-448B062B4F02}.Debug|iPhone.Build.0 = Debug|Any CPU
		{D032ECE1-E88C-475E-B6DE-448B062B4F02}.Debug|iPhoneSimulator.ActiveCfg = Debug|Any CPU
		{D032ECE1-E88C-475E-B6DE-448B062B4F02}.Debug|iPhoneSimulator.Build.0 = Debug|Any CPU
		{D032ECE1-E88C-475E-B6DE-448B062B4F02}.Debug|x64.ActiveCfg = Debug|Any CPU
		{D032ECE1-E88C-475E-B6DE-448B062B4F02}.Debug|x64.Build.0 = Debug|Any CPU
		{D032ECE1-E88C-475E-B6DE-448B062B4F02}.Debug|x86.ActiveCfg = Debug|Any CPU
		{D032ECE1-E88C-475E-B6DE-448B062B4F02}.Debug|x86.Build.0 = Debug|Any CPU
		{D032ECE1-E88C-475E-B6DE-448B062B4F02}.Release|Any CPU.ActiveCfg = Release|Any CPU
		{D032ECE1-E88C-475E-B6DE-448B062B4F02}.Release|Any CPU.Build.0 = Release|Any CPU
		{D032ECE1-E88C-475E-B6DE-448B062B4F02}.Release|ARM.ActiveCfg = Release|Any CPU
		{D032ECE1-E88C-475E-B6DE-448B062B4F02}.Release|ARM.Build.0 = Release|Any CPU
		{D032ECE1-E88C-475E-B6DE-448B062B4F02}.Release|iPhone.ActiveCfg = Release|Any CPU
		{D032ECE1-E88C-475E-B6DE-448B062B4F02}.Release|iPhone.Build.0 = Release|Any CPU
		{D032ECE1-E88C-475E-B6DE-448B062B4F02}.Release|iPhoneSimulator.ActiveCfg = Release|Any CPU
		{D032ECE1-E88C-475E-B6DE-448B062B4F02}.Release|iPhoneSimulator.Build.0 = Release|Any CPU
		{D032ECE1-E88C-475E-B6DE-448B062B4F02}.Release|x64.ActiveCfg = Release|Any CPU
		{D032ECE1-E88C-475E-B6DE-448B062B4F02}.Release|x64.Build.0 = Release|Any CPU
		{D032ECE1-E88C-475E-B6DE-448B062B4F02}.Release|x86.ActiveCfg = Release|Any CPU
		{D032ECE1-E88C-475E-B6DE-448B062B4F02}.Release|x86.Build.0 = Release|Any CPU
	EndGlobalSection
	GlobalSection(SolutionProperties) = preSolution
		HideSolutionNode = FALSE
	EndGlobalSection
	GlobalSection(ExtensibilityGlobals) = postSolution
		SolutionGuid = {615B0F4E-9CDE-469F-AA8C-A2FFA00AE8B3}
	EndGlobalSection
EndGlobal
