
Microsoft Visual Studio Solution File, Format Version 12.00
# Visual Studio 14
VisualStudioVersion = 14.0.25420.1
MinimumVisualStudioVersion = 10.0.40219.1
Project("{FAE04EC0-301F-11D3-BF4B-00C04F79EFBC}") = "YourMoney.Core", "YourMoney.Core\YourMoney.Core.csproj", "{30E702AA-39CD-4CF4-9444-6A5070D48B5C}"
EndProject
Project("{FAE04EC0-301F-11D3-BF4B-00C04F79EFBC}") = "YourMoney.Droid", "YourMoney.Droid\YourMoney.Droid.csproj", "{DD5E9270-0157-4C05-A902-12B1246716F4}"
EndProject
Project("{FAE04EC0-301F-11D3-BF4B-00C04F79EFBC}") = "YourMoney.UITests", "YourMoney.UITests\YourMoney.UITests.csproj", "{8CBF9266-54C4-448B-B1BE-E3FC9833EC06}"
EndProject
Project("{FAE04EC0-301F-11D3-BF4B-00C04F79EFBC}") = "YourMoney.iOS", "YourMoney.iOS\YourMoney.iOS.csproj", "{354501E5-0B04-40F6-8623-5474841857F5}"
EndProject
Project("{FAE04EC0-301F-11D3-BF4B-00C04F79EFBC}") = "YourMoney.UWP", "YourMoney.UWP\YourMoney.UWP.csproj", "{0919272C-2AB0-4CDF-A635-C2ED78EC762D}"
EndProject
Project("{FAE04EC0-301F-11D3-BF4B-00C04F79EFBC}") = "YourMoney.iOS.Tests", "YourMoney.iOS.Tests\YourMoney.iOS.Tests.csproj", "{D3FA81E7-11D3-4F57-BB97-C652156D3F95}"
EndProject
Global
	GlobalSection(SolutionConfigurationPlatforms) = preSolution
		Debug|Any CPU = Debug|Any CPU
		Debug|ARM = Debug|ARM
		Debug|iPhone = Debug|iPhone
		Debug|iPhoneSimulator = Debug|iPhoneSimulator
		Debug|x64 = Debug|x64
		Debug|x86 = Debug|x86
		Release|Any CPU = Release|Any CPU
		Release|ARM = Release|ARM
		Release|iPhone = Release|iPhone
		Release|iPhoneSimulator = Release|iPhoneSimulator
		Release|x64 = Release|x64
		Release|x86 = Release|x86
	EndGlobalSection
	GlobalSection(ProjectConfigurationPlatforms) = postSolution
		{30E702AA-39CD-4CF4-9444-6A5070D48B5C}.Debug|Any CPU.ActiveCfg = Debug|Any CPU
		{30E702AA-39CD-4CF4-9444-6A5070D48B5C}.Debug|Any CPU.Build.0 = Debug|Any CPU
		{30E702AA-39CD-4CF4-9444-6A5070D48B5C}.Debug|ARM.ActiveCfg = Debug|Any CPU
		{30E702AA-39CD-4CF4-9444-6A5070D48B5C}.Debug|ARM.Build.0 = Debug|Any CPU
		{30E702AA-39CD-4CF4-9444-6A5070D48B5C}.Debug|iPhone.ActiveCfg = Debug|Any CPU
		{30E702AA-39CD-4CF4-9444-6A5070D48B5C}.Debug|iPhone.Build.0 = Debug|Any CPU
		{30E702AA-39CD-4CF4-9444-6A5070D48B5C}.Debug|iPhoneSimulator.ActiveCfg = Debug|Any CPU
		{30E702AA-39CD-4CF4-9444-6A5070D48B5C}.Debug|iPhoneSimulator.Build.0 = Debug|Any CPU
		{30E702AA-39CD-4CF4-9444-6A5070D48B5C}.Debug|x64.ActiveCfg = Debug|Any CPU
		{30E702AA-39CD-4CF4-9444-6A5070D48B5C}.Debug|x64.Build.0 = Debug|Any CPU
		{30E702AA-39CD-4CF4-9444-6A5070D48B5C}.Debug|x86.ActiveCfg = Debug|Any CPU
		{30E702AA-39CD-4CF4-9444-6A5070D48B5C}.Debug|x86.Build.0 = Debug|Any CPU
		{30E702AA-39CD-4CF4-9444-6A5070D48B5C}.Release|Any CPU.ActiveCfg = Release|Any CPU
		{30E702AA-39CD-4CF4-9444-6A5070D48B5C}.Release|Any CPU.Build.0 = Release|Any CPU
		{30E702AA-39CD-4CF4-9444-6A5070D48B5C}.Release|ARM.ActiveCfg = Release|Any CPU
		{30E702AA-39CD-4CF4-9444-6A5070D48B5C}.Release|ARM.Build.0 = Release|Any CPU
		{30E702AA-39CD-4CF4-9444-6A5070D48B5C}.Release|iPhone.ActiveCfg = Release|Any CPU
		{30E702AA-39CD-4CF4-9444-6A5070D48B5C}.Release|iPhone.Build.0 = Release|Any CPU
		{30E702AA-39CD-4CF4-9444-6A5070D48B5C}.Release|iPhoneSimulator.ActiveCfg = Release|Any CPU
		{30E702AA-39CD-4CF4-9444-6A5070D48B5C}.Release|iPhoneSimulator.Build.0 = Release|Any CPU
		{30E702AA-39CD-4CF4-9444-6A5070D48B5C}.Release|x64.ActiveCfg = Release|Any CPU
		{30E702AA-39CD-4CF4-9444-6A5070D48B5C}.Release|x64.Build.0 = Release|Any CPU
		{30E702AA-39CD-4CF4-9444-6A5070D48B5C}.Release|x86.ActiveCfg = Release|Any CPU
		{30E702AA-39CD-4CF4-9444-6A5070D48B5C}.Release|x86.Build.0 = Release|Any CPU
		{DD5E9270-0157-4C05-A902-12B1246716F4}.Debug|Any CPU.ActiveCfg = Debug|Any CPU
		{DD5E9270-0157-4C05-A902-12B1246716F4}.Debug|Any CPU.Build.0 = Debug|Any CPU
		{DD5E9270-0157-4C05-A902-12B1246716F4}.Debug|Any CPU.Deploy.0 = Debug|Any CPU
		{DD5E9270-0157-4C05-A902-12B1246716F4}.Debug|ARM.ActiveCfg = Debug|Any CPU
		{DD5E9270-0157-4C05-A902-12B1246716F4}.Debug|ARM.Build.0 = Debug|Any CPU
		{DD5E9270-0157-4C05-A902-12B1246716F4}.Debug|ARM.Deploy.0 = Debug|Any CPU
		{DD5E9270-0157-4C05-A902-12B1246716F4}.Debug|iPhone.ActiveCfg = Debug|Any CPU
		{DD5E9270-0157-4C05-A902-12B1246716F4}.Debug|iPhone.Build.0 = Debug|Any CPU
		{DD5E9270-0157-4C05-A902-12B1246716F4}.Debug|iPhoneSimulator.ActiveCfg = Debug|Any CPU
		{DD5E9270-0157-4C05-A902-12B1246716F4}.Debug|iPhoneSimulator.Build.0 = Debug|Any CPU
		{DD5E9270-0157-4C05-A902-12B1246716F4}.Debug|x64.ActiveCfg = Debug|Any CPU
		{DD5E9270-0157-4C05-A902-12B1246716F4}.Debug|x64.Build.0 = Debug|Any CPU
		{DD5E9270-0157-4C05-A902-12B1246716F4}.Debug|x64.Deploy.0 = Debug|Any CPU
		{DD5E9270-0157-4C05-A902-12B1246716F4}.Debug|x86.ActiveCfg = Debug|Any CPU
		{DD5E9270-0157-4C05-A902-12B1246716F4}.Debug|x86.Build.0 = Debug|Any CPU
		{DD5E9270-0157-4C05-A902-12B1246716F4}.Debug|x86.Deploy.0 = Debug|Any CPU
		{DD5E9270-0157-4C05-A902-12B1246716F4}.Release|Any CPU.ActiveCfg = Release|Any CPU
		{DD5E9270-0157-4C05-A902-12B1246716F4}.Release|Any CPU.Build.0 = Release|Any CPU
		{DD5E9270-0157-4C05-A902-12B1246716F4}.Release|Any CPU.Deploy.0 = Release|Any CPU
		{DD5E9270-0157-4C05-A902-12B1246716F4}.Release|ARM.ActiveCfg = Release|Any CPU
		{DD5E9270-0157-4C05-A902-12B1246716F4}.Release|ARM.Build.0 = Release|Any CPU
		{DD5E9270-0157-4C05-A902-12B1246716F4}.Release|ARM.Deploy.0 = Release|Any CPU
		{DD5E9270-0157-4C05-A902-12B1246716F4}.Release|iPhone.ActiveCfg = Release|Any CPU
		{DD5E9270-0157-4C05-A902-12B1246716F4}.Release|iPhone.Build.0 = Release|Any CPU
		{DD5E9270-0157-4C05-A902-12B1246716F4}.Release|iPhoneSimulator.ActiveCfg = Release|Any CPU
		{DD5E9270-0157-4C05-A902-12B1246716F4}.Release|iPhoneSimulator.Build.0 = Release|Any CPU
		{DD5E9270-0157-4C05-A902-12B1246716F4}.Release|x64.ActiveCfg = Release|Any CPU
		{DD5E9270-0157-4C05-A902-12B1246716F4}.Release|x64.Build.0 = Release|Any CPU
		{DD5E9270-0157-4C05-A902-12B1246716F4}.Release|x64.Deploy.0 = Release|Any CPU
		{DD5E9270-0157-4C05-A902-12B1246716F4}.Release|x86.ActiveCfg = Release|Any CPU
		{DD5E9270-0157-4C05-A902-12B1246716F4}.Release|x86.Build.0 = Release|Any CPU
		{DD5E9270-0157-4C05-A902-12B1246716F4}.Release|x86.Deploy.0 = Release|Any CPU
		{8CBF9266-54C4-448B-B1BE-E3FC9833EC06}.Debug|Any CPU.ActiveCfg = Debug|Any CPU
		{8CBF9266-54C4-448B-B1BE-E3FC9833EC06}.Debug|Any CPU.Build.0 = Debug|Any CPU
		{8CBF9266-54C4-448B-B1BE-E3FC9833EC06}.Debug|ARM.ActiveCfg = Debug|Any CPU
		{8CBF9266-54C4-448B-B1BE-E3FC9833EC06}.Debug|ARM.Build.0 = Debug|Any CPU
		{8CBF9266-54C4-448B-B1BE-E3FC9833EC06}.Debug|iPhone.ActiveCfg = Debug|Any CPU
		{8CBF9266-54C4-448B-B1BE-E3FC9833EC06}.Debug|iPhone.Build.0 = Debug|Any CPU
		{8CBF9266-54C4-448B-B1BE-E3FC9833EC06}.Debug|iPhoneSimulator.ActiveCfg = Debug|Any CPU
		{8CBF9266-54C4-448B-B1BE-E3FC9833EC06}.Debug|iPhoneSimulator.Build.0 = Debug|Any CPU
		{8CBF9266-54C4-448B-B1BE-E3FC9833EC06}.Debug|x64.ActiveCfg = Debug|Any CPU
		{8CBF9266-54C4-448B-B1BE-E3FC9833EC06}.Debug|x64.Build.0 = Debug|Any CPU
		{8CBF9266-54C4-448B-B1BE-E3FC9833EC06}.Debug|x86.ActiveCfg = Debug|Any CPU
		{8CBF9266-54C4-448B-B1BE-E3FC9833EC06}.Debug|x86.Build.0 = Debug|Any CPU
		{8CBF9266-54C4-448B-B1BE-E3FC9833EC06}.Release|Any CPU.ActiveCfg = Release|Any CPU
		{8CBF9266-54C4-448B-B1BE-E3FC9833EC06}.Release|Any CPU.Build.0 = Release|Any CPU
		{8CBF9266-54C4-448B-B1BE-E3FC9833EC06}.Release|ARM.ActiveCfg = Release|Any CPU
		{8CBF9266-54C4-448B-B1BE-E3FC9833EC06}.Release|ARM.Build.0 = Release|Any CPU
		{8CBF9266-54C4-448B-B1BE-E3FC9833EC06}.Release|iPhone.ActiveCfg = Release|Any CPU
		{8CBF9266-54C4-448B-B1BE-E3FC9833EC06}.Release|iPhone.Build.0 = Release|Any CPU
		{8CBF9266-54C4-448B-B1BE-E3FC9833EC06}.Release|iPhoneSimulator.ActiveCfg = Release|Any CPU
		{8CBF9266-54C4-448B-B1BE-E3FC9833EC06}.Release|iPhoneSimulator.Build.0 = Release|Any CPU
		{8CBF9266-54C4-448B-B1BE-E3FC9833EC06}.Release|x64.ActiveCfg = Release|Any CPU
		{8CBF9266-54C4-448B-B1BE-E3FC9833EC06}.Release|x64.Build.0 = Release|Any CPU
		{8CBF9266-54C4-448B-B1BE-E3FC9833EC06}.Release|x86.ActiveCfg = Release|Any CPU
		{8CBF9266-54C4-448B-B1BE-E3FC9833EC06}.Release|x86.Build.0 = Release|Any CPU
		{354501E5-0B04-40F6-8623-5474841857F5}.Debug|Any CPU.ActiveCfg = Debug|iPhoneSimulator
		{354501E5-0B04-40F6-8623-5474841857F5}.Debug|Any CPU.Build.0 = Debug|iPhoneSimulator
		{354501E5-0B04-40F6-8623-5474841857F5}.Debug|ARM.ActiveCfg = Debug|iPhoneSimulator
		{354501E5-0B04-40F6-8623-5474841857F5}.Debug|ARM.Build.0 = Debug|iPhoneSimulator
		{354501E5-0B04-40F6-8623-5474841857F5}.Debug|iPhone.ActiveCfg = Debug|iPhone
		{354501E5-0B04-40F6-8623-5474841857F5}.Debug|iPhone.Build.0 = Debug|iPhone
		{354501E5-0B04-40F6-8623-5474841857F5}.Debug|iPhoneSimulator.ActiveCfg = Debug|iPhoneSimulator
		{354501E5-0B04-40F6-8623-5474841857F5}.Debug|iPhoneSimulator.Build.0 = Debug|iPhoneSimulator
		{354501E5-0B04-40F6-8623-5474841857F5}.Debug|x64.ActiveCfg = Debug|iPhoneSimulator
		{354501E5-0B04-40F6-8623-5474841857F5}.Debug|x64.Build.0 = Debug|iPhoneSimulator
		{354501E5-0B04-40F6-8623-5474841857F5}.Debug|x86.ActiveCfg = Debug|iPhoneSimulator
		{354501E5-0B04-40F6-8623-5474841857F5}.Debug|x86.Build.0 = Debug|iPhoneSimulator
		{354501E5-0B04-40F6-8623-5474841857F5}.Release|Any CPU.ActiveCfg = Release|iPhone
		{354501E5-0B04-40F6-8623-5474841857F5}.Release|Any CPU.Build.0 = Release|iPhone
		{354501E5-0B04-40F6-8623-5474841857F5}.Release|ARM.ActiveCfg = Release|iPhone
		{354501E5-0B04-40F6-8623-5474841857F5}.Release|ARM.Build.0 = Release|iPhone
		{354501E5-0B04-40F6-8623-5474841857F5}.Release|iPhone.ActiveCfg = Release|iPhone
		{354501E5-0B04-40F6-8623-5474841857F5}.Release|iPhone.Build.0 = Release|iPhone
		{354501E5-0B04-40F6-8623-5474841857F5}.Release|iPhoneSimulator.ActiveCfg = Release|iPhoneSimulator
		{354501E5-0B04-40F6-8623-5474841857F5}.Release|iPhoneSimulator.Build.0 = Release|iPhoneSimulator
		{354501E5-0B04-40F6-8623-5474841857F5}.Release|x64.ActiveCfg = Release|iPhone
		{354501E5-0B04-40F6-8623-5474841857F5}.Release|x64.Build.0 = Release|iPhone
		{354501E5-0B04-40F6-8623-5474841857F5}.Release|x86.ActiveCfg = Release|iPhone
		{354501E5-0B04-40F6-8623-5474841857F5}.Release|x86.Build.0 = Release|iPhone
		{0919272C-2AB0-4CDF-A635-C2ED78EC762D}.Debug|Any CPU.ActiveCfg = Debug|x86
		{0919272C-2AB0-4CDF-A635-C2ED78EC762D}.Debug|Any CPU.Build.0 = Debug|x86
		{0919272C-2AB0-4CDF-A635-C2ED78EC762D}.Debug|Any CPU.Deploy.0 = Debug|x86
		{0919272C-2AB0-4CDF-A635-C2ED78EC762D}.Debug|ARM.ActiveCfg = Debug|ARM
		{0919272C-2AB0-4CDF-A635-C2ED78EC762D}.Debug|ARM.Build.0 = Debug|ARM
		{0919272C-2AB0-4CDF-A635-C2ED78EC762D}.Debug|ARM.Deploy.0 = Debug|ARM
		{0919272C-2AB0-4CDF-A635-C2ED78EC762D}.Debug|iPhone.ActiveCfg = Debug|x86
		{0919272C-2AB0-4CDF-A635-C2ED78EC762D}.Debug|iPhoneSimulator.ActiveCfg = Debug|x86
		{0919272C-2AB0-4CDF-A635-C2ED78EC762D}.Debug|x64.ActiveCfg = Debug|x64
		{0919272C-2AB0-4CDF-A635-C2ED78EC762D}.Debug|x64.Build.0 = Debug|x64
		{0919272C-2AB0-4CDF-A635-C2ED78EC762D}.Debug|x64.Deploy.0 = Debug|x64
		{0919272C-2AB0-4CDF-A635-C2ED78EC762D}.Debug|x86.ActiveCfg = Debug|x86
		{0919272C-2AB0-4CDF-A635-C2ED78EC762D}.Debug|x86.Build.0 = Debug|x86
		{0919272C-2AB0-4CDF-A635-C2ED78EC762D}.Debug|x86.Deploy.0 = Debug|x86
		{0919272C-2AB0-4CDF-A635-C2ED78EC762D}.Release|Any CPU.ActiveCfg = Release|x86
		{0919272C-2AB0-4CDF-A635-C2ED78EC762D}.Release|ARM.ActiveCfg = Release|ARM
		{0919272C-2AB0-4CDF-A635-C2ED78EC762D}.Release|ARM.Build.0 = Release|ARM
		{0919272C-2AB0-4CDF-A635-C2ED78EC762D}.Release|ARM.Deploy.0 = Release|ARM
		{0919272C-2AB0-4CDF-A635-C2ED78EC762D}.Release|iPhone.ActiveCfg = Release|x86
		{0919272C-2AB0-4CDF-A635-C2ED78EC762D}.Release|iPhoneSimulator.ActiveCfg = Release|x86
		{0919272C-2AB0-4CDF-A635-C2ED78EC762D}.Release|x64.ActiveCfg = Release|x64
		{0919272C-2AB0-4CDF-A635-C2ED78EC762D}.Release|x64.Build.0 = Release|x64
		{0919272C-2AB0-4CDF-A635-C2ED78EC762D}.Release|x64.Deploy.0 = Release|x64
		{0919272C-2AB0-4CDF-A635-C2ED78EC762D}.Release|x86.ActiveCfg = Release|x86
		{0919272C-2AB0-4CDF-A635-C2ED78EC762D}.Release|x86.Build.0 = Release|x86
		{0919272C-2AB0-4CDF-A635-C2ED78EC762D}.Release|x86.Deploy.0 = Release|x86
		{D3FA81E7-11D3-4F57-BB97-C652156D3F95}.Debug|Any CPU.ActiveCfg = Debug|Any CPU
		{D3FA81E7-11D3-4F57-BB97-C652156D3F95}.Debug|Any CPU.Build.0 = Debug|Any CPU
		{D3FA81E7-11D3-4F57-BB97-C652156D3F95}.Debug|ARM.ActiveCfg = Debug|Any CPU
		{D3FA81E7-11D3-4F57-BB97-C652156D3F95}.Debug|ARM.Build.0 = Debug|Any CPU
		{D3FA81E7-11D3-4F57-BB97-C652156D3F95}.Debug|iPhone.ActiveCfg = Debug|Any CPU
		{D3FA81E7-11D3-4F57-BB97-C652156D3F95}.Debug|iPhone.Build.0 = Debug|Any CPU
		{D3FA81E7-11D3-4F57-BB97-C652156D3F95}.Debug|iPhoneSimulator.ActiveCfg = Debug|Any CPU
		{D3FA81E7-11D3-4F57-BB97-C652156D3F95}.Debug|iPhoneSimulator.Build.0 = Debug|Any CPU
		{D3FA81E7-11D3-4F57-BB97-C652156D3F95}.Debug|x64.ActiveCfg = Debug|Any CPU
		{D3FA81E7-11D3-4F57-BB97-C652156D3F95}.Debug|x64.Build.0 = Debug|Any CPU
		{D3FA81E7-11D3-4F57-BB97-C652156D3F95}.Debug|x86.ActiveCfg = Debug|Any CPU
		{D3FA81E7-11D3-4F57-BB97-C652156D3F95}.Debug|x86.Build.0 = Debug|Any CPU
		{D3FA81E7-11D3-4F57-BB97-C652156D3F95}.Release|Any CPU.ActiveCfg = Release|Any CPU
		{D3FA81E7-11D3-4F57-BB97-C652156D3F95}.Release|Any CPU.Build.0 = Release|Any CPU
		{D3FA81E7-11D3-4F57-BB97-C652156D3F95}.Release|ARM.ActiveCfg = Release|Any CPU
		{D3FA81E7-11D3-4F57-BB97-C652156D3F95}.Release|ARM.Build.0 = Release|Any CPU
		{D3FA81E7-11D3-4F57-BB97-C652156D3F95}.Release|iPhone.ActiveCfg = Release|Any CPU
		{D3FA81E7-11D3-4F57-BB97-C652156D3F95}.Release|iPhone.Build.0 = Release|Any CPU
		{D3FA81E7-11D3-4F57-BB97-C652156D3F95}.Release|iPhoneSimulator.ActiveCfg = Release|Any CPU
		{D3FA81E7-11D3-4F57-BB97-C652156D3F95}.Release|iPhoneSimulator.Build.0 = Release|Any CPU
		{D3FA81E7-11D3-4F57-BB97-C652156D3F95}.Release|x64.ActiveCfg = Release|Any CPU
		{D3FA81E7-11D3-4F57-BB97-C652156D3F95}.Release|x64.Build.0 = Release|Any CPU
		{D3FA81E7-11D3-4F57-BB97-C652156D3F95}.Release|x86.ActiveCfg = Release|Any CPU
		{D3FA81E7-11D3-4F57-BB97-C652156D3F95}.Release|x86.Build.0 = Release|Any CPU
	EndGlobalSection
	GlobalSection(SolutionProperties) = preSolution
		HideSolutionNode = FALSE
	EndGlobalSection
EndGlobal
